
Microsoft Visual Studio Solution File, Format Version 12.00
# Visual Studio Version 16
VisualStudioVersion = 16.0.31702.278
MinimumVisualStudioVersion = 10.0.40219.1
Project("{FAE04EC0-301F-11D3-BF4B-00C04F79EFBC}") = "Tuan2.Android", "Tuan2\Tuan2.Android\Tuan2.Android.csproj", "{FA3379AE-05EC-485C-B856-3B4CBD7B5C07}"
EndProject
Project("{FAE04EC0-301F-11D3-BF4B-00C04F79EFBC}") = "Tuan2.iOS", "Tuan2\Tuan2.iOS\Tuan2.iOS.csproj", "{15692FBF-CEB3-43D2-AA9E-2CB77F8191C6}"
EndProject
Project("{FAE04EC0-301F-11D3-BF4B-00C04F79EFBC}") = "Tuan2", "Tuan2\Tuan2\Tuan2.csproj", "{AB2A8A16-DB7B-42CF-AC2E-368BFE9BA1BA}"
EndProject
Global
	GlobalSection(SolutionConfigurationPlatforms) = preSolution
		Debug|Any CPU = Debug|Any CPU
		Debug|iPhone = Debug|iPhone
		Debug|iPhoneSimulator = Debug|iPhoneSimulator
		Release|Any CPU = Release|Any CPU
		Release|iPhone = Release|iPhone
		Release|iPhoneSimulator = Release|iPhoneSimulator
	EndGlobalSection
	GlobalSection(ProjectConfigurationPlatforms) = postSolution
		{FA3379AE-05EC-485C-B856-3B4CBD7B5C07}.Debug|Any CPU.ActiveCfg = Debug|Any CPU
		{FA3379AE-05EC-485C-B856-3B4CBD7B5C07}.Debug|Any CPU.Build.0 = Debug|Any CPU
		{FA3379AE-05EC-485C-B856-3B4CBD7B5C07}.Debug|Any CPU.Deploy.0 = Debug|Any CPU
		{FA3379AE-05EC-485C-B856-3B4CBD7B5C07}.Debug|iPhone.ActiveCfg = Debug|Any CPU
		{FA3379AE-05EC-485C-B856-3B4CBD7B5C07}.Debug|iPhone.Build.0 = Debug|Any CPU
		{FA3379AE-05EC-485C-B856-3B4CBD7B5C07}.Debug|iPhone.Deploy.0 = Debug|Any CPU
		{FA3379AE-05EC-485C-B856-3B4CBD7B5C07}.Debug|iPhoneSimulator.ActiveCfg = Debug|Any CPU
		{FA3379AE-05EC-485C-B856-3B4CBD7B5C07}.Debug|iPhoneSimulator.Build.0 = Debug|Any CPU
		{FA3379AE-05EC-485C-B856-3B4CBD7B5C07}.Debug|iPhoneSimulator.Deploy.0 = Debug|Any CPU
		{FA3379AE-05EC-485C-B856-3B4CBD7B5C07}.Release|Any CPU.ActiveCfg = Release|Any CPU
		{FA3379AE-05EC-485C-B856-3B4CBD7B5C07}.Release|Any CPU.Build.0 = Release|Any CPU
		{FA3379AE-05EC-485C-B856-3B4CBD7B5C07}.Release|Any CPU.Deploy.0 = Release|Any CPU
		{FA3379AE-05EC-485C-B856-3B4CBD7B5C07}.Release|iPhone.ActiveCfg = Release|Any CPU
		{FA3379AE-05EC-485C-B856-3B4CBD7B5C07}.Release|iPhone.Build.0 = Release|Any CPU
		{FA3379AE-05EC-485C-B856-3B4CBD7B5C07}.Release|iPhone.Deploy.0 = Release|Any CPU
		{FA3379AE-05EC-485C-B856-3B4CBD7B5C07}.Release|iPhoneSimulator.ActiveCfg = Release|Any CPU
		{FA3379AE-05EC-485C-B856-3B4CBD7B5C07}.Release|iPhoneSimulator.Build.0 = Release|Any CPU
		{FA3379AE-05EC-485C-B856-3B4CBD7B5C07}.Release|iPhoneSimulator.Deploy.0 = Release|Any CPU
		{15692FBF-CEB3-43D2-AA9E-2CB77F8191C6}.Debug|Any CPU.ActiveCfg = Debug|iPhone
		{15692FBF-CEB3-43D2-AA9E-2CB77F8191C6}.Debug|Any CPU.Build.0 = Debug|iPhone
		{15692FBF-CEB3-43D2-AA9E-2CB77F8191C6}.Debug|Any CPU.Deploy.0 = Debug|iPhone
		{15692FBF-CEB3-43D2-AA9E-2CB77F8191C6}.Debug|iPhone.ActiveCfg = Debug|iPhone
		{15692FBF-CEB3-43D2-AA9E-2CB77F8191C6}.Debug|iPhone.Build.0 = Debug|iPhone
		{15692FBF-CEB3-43D2-AA9E-2CB77F8191C6}.Debug|iPhone.Deploy.0 = Debug|iPhone
		{15692FBF-CEB3-43D2-AA9E-2CB77F8191C6}.Debug|iPhoneSimulator.ActiveCfg = Debug|iPhoneSimulator
		{15692FBF-CEB3-43D2-AA9E-2CB77F8191C6}.Debug|iPhoneSimulator.Build.0 = Debug|iPhoneSimulator
		{15692FBF-CEB3-43D2-AA9E-2CB77F8191C6}.Debug|iPhoneSimulator.Deploy.0 = Debug|iPhoneSimulator
		{15692FBF-CEB3-43D2-AA9E-2CB77F8191C6}.Release|Any CPU.ActiveCfg = Release|iPhoneSimulator
		{15692FBF-CEB3-43D2-AA9E-2CB77F8191C6}.Release|Any CPU.Build.0 = Release|iPhoneSimulator
		{15692FBF-CEB3-43D2-AA9E-2CB77F8191C6}.Release|Any CPU.Deploy.0 = Release|iPhoneSimulator
		{15692FBF-CEB3-43D2-AA9E-2CB77F8191C6}.Release|iPhone.ActiveCfg = Release|iPhone
		{15692FBF-CEB3-43D2-AA9E-2CB77F8191C6}.Release|iPhone.Build.0 = Release|iPhone
		{15692FBF-CEB3-43D2-AA9E-2CB77F8191C6}.Release|iPhone.Deploy.0 = Release|iPhone
		{15692FBF-CEB3-43D2-AA9E-2CB77F8191C6}.Release|iPhoneSimulator.ActiveCfg = Release|iPhoneSimulator
		{15692FBF-CEB3-43D2-AA9E-2CB77F8191C6}.Release|iPhoneSimulator.Build.0 = Release|iPhoneSimulator
		{15692FBF-CEB3-43D2-AA9E-2CB77F8191C6}.Release|iPhoneSimulator.Deploy.0 = Release|iPhoneSimulator
		{AB2A8A16-DB7B-42CF-AC2E-368BFE9BA1BA}.Debug|Any CPU.ActiveCfg = Debug|Any CPU
		{AB2A8A16-DB7B-42CF-AC2E-368BFE9BA1BA}.Debug|Any CPU.Build.0 = Debug|Any CPU
		{AB2A8A16-DB7B-42CF-AC2E-368BFE9BA1BA}.Debug|Any CPU.Deploy.0 = Debug|Any CPU
		{AB2A8A16-DB7B-42CF-AC2E-368BFE9BA1BA}.Debug|iPhone.ActiveCfg = Debug|Any CPU
		{AB2A8A16-DB7B-42CF-AC2E-368BFE9BA1BA}.Debug|iPhone.Build.0 = Debug|Any CPU
		{AB2A8A16-DB7B-42CF-AC2E-368BFE9BA1BA}.Debug|iPhone.Deploy.0 = Debug|Any CPU
		{AB2A8A16-DB7B-42CF-AC2E-368BFE9BA1BA}.Debug|iPhoneSimulator.ActiveCfg = Debug|Any CPU
		{AB2A8A16-DB7B-42CF-AC2E-368BFE9BA1BA}.Debug|iPhoneSimulator.Build.0 = Debug|Any CPU
		{AB2A8A16-DB7B-42CF-AC2E-368BFE9BA1BA}.Debug|iPhoneSimulator.Deploy.0 = Debug|Any CPU
		{AB2A8A16-DB7B-42CF-AC2E-368BFE9BA1BA}.Release|Any CPU.ActiveCfg = Release|Any CPU
		{AB2A8A16-DB7B-42CF-AC2E-368BFE9BA1BA}.Release|Any CPU.Build.0 = Release|Any CPU
		{AB2A8A16-DB7B-42CF-AC2E-368BFE9BA1BA}.Release|Any CPU.Deploy.0 = Release|Any CPU
		{AB2A8A16-DB7B-42CF-AC2E-368BFE9BA1BA}.Release|iPhone.ActiveCfg = Release|Any CPU
		{AB2A8A16-DB7B-42CF-AC2E-368BFE9BA1BA}.Release|iPhone.Build.0 = Release|Any CPU
		{AB2A8A16-DB7B-42CF-AC2E-368BFE9BA1BA}.Release|iPhone.Deploy.0 = Release|Any CPU
		{AB2A8A16-DB7B-42CF-AC2E-368BFE9BA1BA}.Release|iPhoneSimulator.ActiveCfg = Release|Any CPU
		{AB2A8A16-DB7B-42CF-AC2E-368BFE9BA1BA}.Release|iPhoneSimulator.Build.0 = Release|Any CPU
		{AB2A8A16-DB7B-42CF-AC2E-368BFE9BA1BA}.Release|iPhoneSimulator.Deploy.0 = Release|Any CPU
	EndGlobalSection
	GlobalSection(SolutionProperties) = preSolution
		HideSolutionNode = FALSE
	EndGlobalSection
	GlobalSection(ExtensibilityGlobals) = postSolution
		SolutionGuid = {D11EE913-5D03-4333-A6C3-6DFF4200C1ED}
	EndGlobalSection
EndGlobal
